{
  "name": "4.5",
  "lockfileVersion": 2,
  "requires": true,
  "packages": {
    "": {
      "dependencies": {
        "types-registry": "^0.1.578"
      }
    },
    "node_modules/types-registry": {
      "version": "0.1.578",
      "resolved": "https://registry.npmjs.org/types-registry/-/types-registry-0.1.578.tgz",
      "integrity": "sha512-roQudLL1gZlOIXVaf0NbZ9sB75yXp+eDFPLXxCx28Wxb4BEsrWvckfOc1Tr7bbrR3+DrDPDD/zxL2WK0mZ2ELg=="
    }
  },
  "dependencies": {
    "types-registry": {
      "version": "0.1.578",
      "resolved": "https://registry.npmjs.org/types-registry/-/types-registry-0.1.578.tgz",
      "integrity": "sha512-roQudLL1gZlOIXVaf0NbZ9sB75yXp+eDFPLXxCx28Wxb4BEsrWvckfOc1Tr7bbrR3+DrDPDD/zxL2WK0mZ2ELg=="
    }
  }
}
